
Microsoft Visual Studio Solution File, Format Version 12.00
# Visual Studio 14
VisualStudioVersion = 14.0.22310.1
MinimumVisualStudioVersion = 10.0.40219.1
Project("{2150E333-8FDC-42A3-9474-1A3956D46DE8}") = "1_公共层", "1_公共层", "{40DCD531-F0A3-4289-92AC-E6180B12F0B2}"
EndProject
Project("{2150E333-8FDC-42A3-9474-1A3956D46DE8}") = "2_数据层", "2_数据层", "{3CCBCC6F-BC92-42F7-A0B0-B309D073DF58}"
EndProject
Project("{2150E333-8FDC-42A3-9474-1A3956D46DE8}") = "3_业务逻辑", "3_业务逻辑", "{720F9148-1AB2-4915-BB69-DAB7B03F665D}"
EndProject
Project("{2150E333-8FDC-42A3-9474-1A3956D46DE8}") = "4_站点", "4_站点", "{8DF0DE8B-97A6-4E88-8727-00AAEB59A985}"
EndProject
Project("{2150E333-8FDC-42A3-9474-1A3956D46DE8}") = "5_单元测试", "5_单元测试", "{54623BCF-C58F-485F-BEFA-92B75B6DC148}"
EndProject
Project("{FAE04EC0-301F-11D3-BF4B-00C04F79EFBC}") = "Farseer.Net", "..\Core\Farseer.Net\Farseer.Net.csproj", "{4F393E31-DFCD-434A-A350-53D635A99317}"
EndProject
Project("{FAE04EC0-301F-11D3-BF4B-00C04F79EFBC}") = "网站", "4_站点\网站.csproj", "{D0AD354A-B461-4ADC-BF1E-281F325A4434}"
EndProject
Project("{FAE04EC0-301F-11D3-BF4B-00C04F79EFBC}") = "Demo.BusinessFacade", "3_业务逻辑\Demo.BusinessFacade\Demo.BusinessFacade.csproj", "{C322D729-F6CF-4F53-B90E-CA8CC8392AAE}"
EndProject
Project("{FAE04EC0-301F-11D3-BF4B-00C04F79EFBC}") = "Demo.BusinessRule", "3_业务逻辑\Demo.BusinessRule\Demo.BusinessRule.csproj", "{99F49CF8-2343-4162-B8E3-54FA3BABC597}"
EndProject
Project("{FAE04EC0-301F-11D3-BF4B-00C04F79EFBC}") = "Demo.PO", "2_数据层\Demo.PO\Demo.PO.csproj", "{1E717783-D834-4A1B-A3FE-1D426E76CD97}"
EndProject
Project("{FAE04EC0-301F-11D3-BF4B-00C04F79EFBC}") = "Demo.VO", "2_数据层\Demo.VO\Demo.VO.csproj", "{0D70F49B-769F-4D5C-8ECA-B01FCCED6F20}"
EndProject
Project("{FAE04EC0-301F-11D3-BF4B-00C04F79EFBC}") = "Demo.Common", "1_公共层\Demo.Common\Demo.Common.csproj", "{0BE98637-0885-4ED8-B2B2-BF4A8F3A1EEF}"
EndProject
Project("{FAE04EC0-301F-11D3-BF4B-00C04F79EFBC}") = "单元测试", "5_单元测试\单元测试\单元测试.csproj", "{47EDFA4D-B88E-4D52-A01A-B552BBF72C52}"
EndProject
Global
	GlobalSection(SolutionConfigurationPlatforms) = preSolution
		Debug|Any CPU = Debug|Any CPU
		Debug|x86 = Debug|x86
		Release|Any CPU = Release|Any CPU
		Release|x86 = Release|x86
	EndGlobalSection
	GlobalSection(ProjectConfigurationPlatforms) = postSolution
		{4F393E31-DFCD-434A-A350-53D635A99317}.Debug|Any CPU.ActiveCfg = Debug|Any CPU
		{4F393E31-DFCD-434A-A350-53D635A99317}.Debug|Any CPU.Build.0 = Debug|Any CPU
		{4F393E31-DFCD-434A-A350-53D635A99317}.Debug|x86.ActiveCfg = Debug|Any CPU
		{4F393E31-DFCD-434A-A350-53D635A99317}.Release|Any CPU.ActiveCfg = Release|Any CPU
		{4F393E31-DFCD-434A-A350-53D635A99317}.Release|Any CPU.Build.0 = Release|Any CPU
		{4F393E31-DFCD-434A-A350-53D635A99317}.Release|x86.ActiveCfg = Release|Any CPU
		{D0AD354A-B461-4ADC-BF1E-281F325A4434}.Debug|Any CPU.ActiveCfg = Debug|Any CPU
		{D0AD354A-B461-4ADC-BF1E-281F325A4434}.Debug|Any CPU.Build.0 = Debug|Any CPU
		{D0AD354A-B461-4ADC-BF1E-281F325A4434}.Debug|x86.ActiveCfg = Debug|Any CPU
		{D0AD354A-B461-4ADC-BF1E-281F325A4434}.Release|Any CPU.ActiveCfg = Release|Any CPU
		{D0AD354A-B461-4ADC-BF1E-281F325A4434}.Release|Any CPU.Build.0 = Release|Any CPU
		{D0AD354A-B461-4ADC-BF1E-281F325A4434}.Release|x86.ActiveCfg = Release|Any CPU
		{C322D729-F6CF-4F53-B90E-CA8CC8392AAE}.Debug|Any CPU.ActiveCfg = Debug|Any CPU
		{C322D729-F6CF-4F53-B90E-CA8CC8392AAE}.Debug|Any CPU.Build.0 = Debug|Any CPU
		{C322D729-F6CF-4F53-B90E-CA8CC8392AAE}.Debug|x86.ActiveCfg = Debug|Any CPU
		{C322D729-F6CF-4F53-B90E-CA8CC8392AAE}.Release|Any CPU.ActiveCfg = Release|Any CPU
		{C322D729-F6CF-4F53-B90E-CA8CC8392AAE}.Release|Any CPU.Build.0 = Release|Any CPU
		{C322D729-F6CF-4F53-B90E-CA8CC8392AAE}.Release|x86.ActiveCfg = Release|Any CPU
		{99F49CF8-2343-4162-B8E3-54FA3BABC597}.Debug|Any CPU.ActiveCfg = Debug|Any CPU
		{99F49CF8-2343-4162-B8E3-54FA3BABC597}.Debug|Any CPU.Build.0 = Debug|Any CPU
		{99F49CF8-2343-4162-B8E3-54FA3BABC597}.Debug|x86.ActiveCfg = Debug|Any CPU
		{99F49CF8-2343-4162-B8E3-54FA3BABC597}.Release|Any CPU.ActiveCfg = Release|Any CPU
		{99F49CF8-2343-4162-B8E3-54FA3BABC597}.Release|Any CPU.Build.0 = Release|Any CPU
		{99F49CF8-2343-4162-B8E3-54FA3BABC597}.Release|x86.ActiveCfg = Release|Any CPU
		{1E717783-D834-4A1B-A3FE-1D426E76CD97}.Debug|Any CPU.ActiveCfg = Debug|Any CPU
		{1E717783-D834-4A1B-A3FE-1D426E76CD97}.Debug|Any CPU.Build.0 = Debug|Any CPU
		{1E717783-D834-4A1B-A3FE-1D426E76CD97}.Debug|x86.ActiveCfg = Debug|Any CPU
		{1E717783-D834-4A1B-A3FE-1D426E76CD97}.Release|Any CPU.ActiveCfg = Release|Any CPU
		{1E717783-D834-4A1B-A3FE-1D426E76CD97}.Release|Any CPU.Build.0 = Release|Any CPU
		{1E717783-D834-4A1B-A3FE-1D426E76CD97}.Release|x86.ActiveCfg = Release|Any CPU
		{0D70F49B-769F-4D5C-8ECA-B01FCCED6F20}.Debug|Any CPU.ActiveCfg = Debug|Any CPU
		{0D70F49B-769F-4D5C-8ECA-B01FCCED6F20}.Debug|Any CPU.Build.0 = Debug|Any CPU
		{0D70F49B-769F-4D5C-8ECA-B01FCCED6F20}.Debug|x86.ActiveCfg = Debug|Any CPU
		{0D70F49B-769F-4D5C-8ECA-B01FCCED6F20}.Release|Any CPU.ActiveCfg = Release|Any CPU
		{0D70F49B-769F-4D5C-8ECA-B01FCCED6F20}.Release|Any CPU.Build.0 = Release|Any CPU
		{0D70F49B-769F-4D5C-8ECA-B01FCCED6F20}.Release|x86.ActiveCfg = Release|Any CPU
		{0BE98637-0885-4ED8-B2B2-BF4A8F3A1EEF}.Debug|Any CPU.ActiveCfg = Debug|Any CPU
		{0BE98637-0885-4ED8-B2B2-BF4A8F3A1EEF}.Debug|Any CPU.Build.0 = Debug|Any CPU
		{0BE98637-0885-4ED8-B2B2-BF4A8F3A1EEF}.Debug|x86.ActiveCfg = Debug|Any CPU
		{0BE98637-0885-4ED8-B2B2-BF4A8F3A1EEF}.Release|Any CPU.ActiveCfg = Release|Any CPU
		{0BE98637-0885-4ED8-B2B2-BF4A8F3A1EEF}.Release|Any CPU.Build.0 = Release|Any CPU
		{0BE98637-0885-4ED8-B2B2-BF4A8F3A1EEF}.Release|x86.ActiveCfg = Release|Any CPU
		{47EDFA4D-B88E-4D52-A01A-B552BBF72C52}.Debug|Any CPU.ActiveCfg = Debug|Any CPU
		{47EDFA4D-B88E-4D52-A01A-B552BBF72C52}.Debug|Any CPU.Build.0 = Debug|Any CPU
		{47EDFA4D-B88E-4D52-A01A-B552BBF72C52}.Debug|x86.ActiveCfg = Debug|Any CPU
		{47EDFA4D-B88E-4D52-A01A-B552BBF72C52}.Release|Any CPU.ActiveCfg = Release|Any CPU
		{47EDFA4D-B88E-4D52-A01A-B552BBF72C52}.Release|Any CPU.Build.0 = Release|Any CPU
		{47EDFA4D-B88E-4D52-A01A-B552BBF72C52}.Release|x86.ActiveCfg = Release|Any CPU
	EndGlobalSection
	GlobalSection(SolutionProperties) = preSolution
		HideSolutionNode = FALSE
	EndGlobalSection
	GlobalSection(NestedProjects) = preSolution
		{4F393E31-DFCD-434A-A350-53D635A99317} = {40DCD531-F0A3-4289-92AC-E6180B12F0B2}
		{D0AD354A-B461-4ADC-BF1E-281F325A4434} = {8DF0DE8B-97A6-4E88-8727-00AAEB59A985}
		{C322D729-F6CF-4F53-B90E-CA8CC8392AAE} = {720F9148-1AB2-4915-BB69-DAB7B03F665D}
		{99F49CF8-2343-4162-B8E3-54FA3BABC597} = {720F9148-1AB2-4915-BB69-DAB7B03F665D}
		{1E717783-D834-4A1B-A3FE-1D426E76CD97} = {3CCBCC6F-BC92-42F7-A0B0-B309D073DF58}
		{0D70F49B-769F-4D5C-8ECA-B01FCCED6F20} = {3CCBCC6F-BC92-42F7-A0B0-B309D073DF58}
		{0BE98637-0885-4ED8-B2B2-BF4A8F3A1EEF} = {40DCD531-F0A3-4289-92AC-E6180B12F0B2}
		{47EDFA4D-B88E-4D52-A01A-B552BBF72C52} = {54623BCF-C58F-485F-BEFA-92B75B6DC148}
	EndGlobalSection
EndGlobal
