
Microsoft Visual Studio Solution File, Format Version 12.00
# Visual Studio 2013
VisualStudioVersion = 12.0.21005.1
MinimumVisualStudioVersion = 10.0.40219.1
Project("{2150E333-8FDC-42A3-9474-1A3956D46DE8}") = "Source", "Source", "{FC1041A2-937A-476F-B23A-A6FF6B9F527C}"
EndProject
Project("{2150E333-8FDC-42A3-9474-1A3956D46DE8}") = "Test", "Test", "{D8EB0E64-6B72-4B6D-8ABF-C3E0C6C38651}"
EndProject
Project("{2150E333-8FDC-42A3-9474-1A3956D46DE8}") = "Demo", "Demo", "{1680B9CB-7327-4EB1-B0C5-9BFA18469650}"
EndProject
Project("{FAE04EC0-301F-11D3-BF4B-00C04F79EFBC}") = "Farseer.Net", "Source\Farseer.Net\Farseer.Net.csproj", "{4F393E31-DFCD-434A-A350-53D635A99317}"
EndProject
Project("{FAE04EC0-301F-11D3-BF4B-00C04F79EFBC}") = "Demo.BusinessFacade", "Demo\Demo.BusinessFacade\Demo.BusinessFacade.csproj", "{C322D729-F6CF-4F53-B90E-CA8CC8392AAE}"
EndProject
Project("{FAE04EC0-301F-11D3-BF4B-00C04F79EFBC}") = "Demo.BusinessRule", "Demo\Demo.BusinessRule\Demo.BusinessRule.csproj", "{99F49CF8-2343-4162-B8E3-54FA3BABC597}"
EndProject
Project("{FAE04EC0-301F-11D3-BF4B-00C04F79EFBC}") = "Demo.Common", "Demo\Demo.Common\Demo.Common.csproj", "{0BE98637-0885-4ED8-B2B2-BF4A8F3A1EEF}"
EndProject
Project("{FAE04EC0-301F-11D3-BF4B-00C04F79EFBC}") = "Demo.PO", "Demo\Demo.PO\Demo.PO.csproj", "{1E717783-D834-4A1B-A3FE-1D426E76CD97}"
EndProject
Project("{FAE04EC0-301F-11D3-BF4B-00C04F79EFBC}") = "Demo.VO", "Demo\Demo.VO\Demo.VO.csproj", "{0D70F49B-769F-4D5C-8ECA-B01FCCED6F20}"
EndProject
Project("{FAE04EC0-301F-11D3-BF4B-00C04F79EFBC}") = "Farseer.Net.Core.Tests", "Test\Farseer.Net.Core.Tests\Farseer.Net.Core.Tests.csproj", "{A1F0E815-EC3D-47E1-B129-95187E9E8960}"
EndProject
Project("{FAE04EC0-301F-11D3-BF4B-00C04F79EFBC}") = "Farseer.Net.Configs.Tests", "Test\Farseer.Net.Configs.Tests\Farseer.Net.Configs.Tests.csproj", "{18AF7CD1-7BEC-485E-803A-A9DEA3215F3C}"
EndProject
Project("{FAE04EC0-301F-11D3-BF4B-00C04F79EFBC}") = "Farseer.Net.Extend.Tests", "Test\Farseer.Net.Extend.Tests\Farseer.Net.Extend.Tests.csproj", "{44B01F99-0599-41A7-878E-918466BFAD97}"
EndProject
Project("{FAE04EC0-301F-11D3-BF4B-00C04F79EFBC}") = "Farseer.Net.Mapping.Tests", "Test\Farseer.Net.Mapping.Tests\Farseer.Net.Mapping.Tests.csproj", "{735998BA-7C87-4B19-970A-75E3129B0521}"
EndProject
Project("{FAE04EC0-301F-11D3-BF4B-00C04F79EFBC}") = "站点", "Demo\站点\站点.csproj", "{F0CC9AF7-0428-4DFE-A744-556E753D3B79}"
EndProject
Project("{FAE04EC0-301F-11D3-BF4B-00C04F79EFBC}") = "Farseer.Net.Extend", "Source\Farseer.Net.Extend\Farseer.Net.Extend.csproj", "{91113E61-664D-4C77-B3FF-F6C19DC09A25}"
EndProject
Project("{FAE04EC0-301F-11D3-BF4B-00C04F79EFBC}") = "Farseer.Net.Utils", "Source\Farseer.Net.Utils\Farseer.Net.Utils.csproj", "{3884B3FE-5D8D-433D-ADB4-70319B8D444C}"
EndProject
Project("{FAE04EC0-301F-11D3-BF4B-00C04F79EFBC}") = "Farseer.Net.UI", "Source\Farseer.Net.UI\Farseer.Net.UI.csproj", "{9D351684-1878-44A6-A5C4-3AA6FD44E27D}"
EndProject
Global
	GlobalSection(SolutionConfigurationPlatforms) = preSolution
		Debug|Any CPU = Debug|Any CPU
		Release|Any CPU = Release|Any CPU
	EndGlobalSection
	GlobalSection(ProjectConfigurationPlatforms) = postSolution
		{4F393E31-DFCD-434A-A350-53D635A99317}.Debug|Any CPU.ActiveCfg = Debug|Any CPU
		{4F393E31-DFCD-434A-A350-53D635A99317}.Debug|Any CPU.Build.0 = Debug|Any CPU
		{4F393E31-DFCD-434A-A350-53D635A99317}.Release|Any CPU.ActiveCfg = Release|Any CPU
		{4F393E31-DFCD-434A-A350-53D635A99317}.Release|Any CPU.Build.0 = Release|Any CPU
		{C322D729-F6CF-4F53-B90E-CA8CC8392AAE}.Debug|Any CPU.ActiveCfg = Debug|Any CPU
		{C322D729-F6CF-4F53-B90E-CA8CC8392AAE}.Debug|Any CPU.Build.0 = Debug|Any CPU
		{C322D729-F6CF-4F53-B90E-CA8CC8392AAE}.Release|Any CPU.ActiveCfg = Release|Any CPU
		{C322D729-F6CF-4F53-B90E-CA8CC8392AAE}.Release|Any CPU.Build.0 = Release|Any CPU
		{99F49CF8-2343-4162-B8E3-54FA3BABC597}.Debug|Any CPU.ActiveCfg = Debug|Any CPU
		{99F49CF8-2343-4162-B8E3-54FA3BABC597}.Debug|Any CPU.Build.0 = Debug|Any CPU
		{99F49CF8-2343-4162-B8E3-54FA3BABC597}.Release|Any CPU.ActiveCfg = Release|Any CPU
		{99F49CF8-2343-4162-B8E3-54FA3BABC597}.Release|Any CPU.Build.0 = Release|Any CPU
		{0BE98637-0885-4ED8-B2B2-BF4A8F3A1EEF}.Debug|Any CPU.ActiveCfg = Debug|Any CPU
		{0BE98637-0885-4ED8-B2B2-BF4A8F3A1EEF}.Debug|Any CPU.Build.0 = Debug|Any CPU
		{0BE98637-0885-4ED8-B2B2-BF4A8F3A1EEF}.Release|Any CPU.ActiveCfg = Release|Any CPU
		{0BE98637-0885-4ED8-B2B2-BF4A8F3A1EEF}.Release|Any CPU.Build.0 = Release|Any CPU
		{1E717783-D834-4A1B-A3FE-1D426E76CD97}.Debug|Any CPU.ActiveCfg = Debug|Any CPU
		{1E717783-D834-4A1B-A3FE-1D426E76CD97}.Debug|Any CPU.Build.0 = Debug|Any CPU
		{1E717783-D834-4A1B-A3FE-1D426E76CD97}.Release|Any CPU.ActiveCfg = Release|Any CPU
		{1E717783-D834-4A1B-A3FE-1D426E76CD97}.Release|Any CPU.Build.0 = Release|Any CPU
		{0D70F49B-769F-4D5C-8ECA-B01FCCED6F20}.Debug|Any CPU.ActiveCfg = Debug|Any CPU
		{0D70F49B-769F-4D5C-8ECA-B01FCCED6F20}.Debug|Any CPU.Build.0 = Debug|Any CPU
		{0D70F49B-769F-4D5C-8ECA-B01FCCED6F20}.Release|Any CPU.ActiveCfg = Release|Any CPU
		{0D70F49B-769F-4D5C-8ECA-B01FCCED6F20}.Release|Any CPU.Build.0 = Release|Any CPU
		{A1F0E815-EC3D-47E1-B129-95187E9E8960}.Debug|Any CPU.ActiveCfg = Debug|Any CPU
		{A1F0E815-EC3D-47E1-B129-95187E9E8960}.Debug|Any CPU.Build.0 = Debug|Any CPU
		{A1F0E815-EC3D-47E1-B129-95187E9E8960}.Release|Any CPU.ActiveCfg = Release|Any CPU
		{A1F0E815-EC3D-47E1-B129-95187E9E8960}.Release|Any CPU.Build.0 = Release|Any CPU
		{18AF7CD1-7BEC-485E-803A-A9DEA3215F3C}.Debug|Any CPU.ActiveCfg = Debug|Any CPU
		{18AF7CD1-7BEC-485E-803A-A9DEA3215F3C}.Debug|Any CPU.Build.0 = Debug|Any CPU
		{18AF7CD1-7BEC-485E-803A-A9DEA3215F3C}.Release|Any CPU.ActiveCfg = Release|Any CPU
		{18AF7CD1-7BEC-485E-803A-A9DEA3215F3C}.Release|Any CPU.Build.0 = Release|Any CPU
		{44B01F99-0599-41A7-878E-918466BFAD97}.Debug|Any CPU.ActiveCfg = Debug|Any CPU
		{44B01F99-0599-41A7-878E-918466BFAD97}.Debug|Any CPU.Build.0 = Debug|Any CPU
		{44B01F99-0599-41A7-878E-918466BFAD97}.Release|Any CPU.ActiveCfg = Release|Any CPU
		{44B01F99-0599-41A7-878E-918466BFAD97}.Release|Any CPU.Build.0 = Release|Any CPU
		{735998BA-7C87-4B19-970A-75E3129B0521}.Debug|Any CPU.ActiveCfg = Debug|Any CPU
		{735998BA-7C87-4B19-970A-75E3129B0521}.Debug|Any CPU.Build.0 = Debug|Any CPU
		{735998BA-7C87-4B19-970A-75E3129B0521}.Release|Any CPU.ActiveCfg = Release|Any CPU
		{735998BA-7C87-4B19-970A-75E3129B0521}.Release|Any CPU.Build.0 = Release|Any CPU
		{F0CC9AF7-0428-4DFE-A744-556E753D3B79}.Debug|Any CPU.ActiveCfg = Debug|Any CPU
		{F0CC9AF7-0428-4DFE-A744-556E753D3B79}.Debug|Any CPU.Build.0 = Debug|Any CPU
		{F0CC9AF7-0428-4DFE-A744-556E753D3B79}.Release|Any CPU.ActiveCfg = Release|Any CPU
		{F0CC9AF7-0428-4DFE-A744-556E753D3B79}.Release|Any CPU.Build.0 = Release|Any CPU
		{91113E61-664D-4C77-B3FF-F6C19DC09A25}.Debug|Any CPU.ActiveCfg = Debug|Any CPU
		{91113E61-664D-4C77-B3FF-F6C19DC09A25}.Debug|Any CPU.Build.0 = Debug|Any CPU
		{91113E61-664D-4C77-B3FF-F6C19DC09A25}.Release|Any CPU.ActiveCfg = Release|Any CPU
		{91113E61-664D-4C77-B3FF-F6C19DC09A25}.Release|Any CPU.Build.0 = Release|Any CPU
		{3884B3FE-5D8D-433D-ADB4-70319B8D444C}.Debug|Any CPU.ActiveCfg = Debug|Any CPU
		{3884B3FE-5D8D-433D-ADB4-70319B8D444C}.Debug|Any CPU.Build.0 = Debug|Any CPU
		{3884B3FE-5D8D-433D-ADB4-70319B8D444C}.Release|Any CPU.ActiveCfg = Release|Any CPU
		{3884B3FE-5D8D-433D-ADB4-70319B8D444C}.Release|Any CPU.Build.0 = Release|Any CPU
		{9D351684-1878-44A6-A5C4-3AA6FD44E27D}.Debug|Any CPU.ActiveCfg = Debug|Any CPU
		{9D351684-1878-44A6-A5C4-3AA6FD44E27D}.Debug|Any CPU.Build.0 = Debug|Any CPU
		{9D351684-1878-44A6-A5C4-3AA6FD44E27D}.Release|Any CPU.ActiveCfg = Release|Any CPU
		{9D351684-1878-44A6-A5C4-3AA6FD44E27D}.Release|Any CPU.Build.0 = Release|Any CPU
	EndGlobalSection
	GlobalSection(SolutionProperties) = preSolution
		HideSolutionNode = FALSE
	EndGlobalSection
	GlobalSection(NestedProjects) = preSolution
		{4F393E31-DFCD-434A-A350-53D635A99317} = {FC1041A2-937A-476F-B23A-A6FF6B9F527C}
		{91113E61-664D-4C77-B3FF-F6C19DC09A25} = {FC1041A2-937A-476F-B23A-A6FF6B9F527C}
		{3884B3FE-5D8D-433D-ADB4-70319B8D444C} = {FC1041A2-937A-476F-B23A-A6FF6B9F527C}
		{9D351684-1878-44A6-A5C4-3AA6FD44E27D} = {FC1041A2-937A-476F-B23A-A6FF6B9F527C}
		{A1F0E815-EC3D-47E1-B129-95187E9E8960} = {D8EB0E64-6B72-4B6D-8ABF-C3E0C6C38651}
		{18AF7CD1-7BEC-485E-803A-A9DEA3215F3C} = {D8EB0E64-6B72-4B6D-8ABF-C3E0C6C38651}
		{44B01F99-0599-41A7-878E-918466BFAD97} = {D8EB0E64-6B72-4B6D-8ABF-C3E0C6C38651}
		{735998BA-7C87-4B19-970A-75E3129B0521} = {D8EB0E64-6B72-4B6D-8ABF-C3E0C6C38651}
		{C322D729-F6CF-4F53-B90E-CA8CC8392AAE} = {1680B9CB-7327-4EB1-B0C5-9BFA18469650}
		{99F49CF8-2343-4162-B8E3-54FA3BABC597} = {1680B9CB-7327-4EB1-B0C5-9BFA18469650}
		{0BE98637-0885-4ED8-B2B2-BF4A8F3A1EEF} = {1680B9CB-7327-4EB1-B0C5-9BFA18469650}
		{1E717783-D834-4A1B-A3FE-1D426E76CD97} = {1680B9CB-7327-4EB1-B0C5-9BFA18469650}
		{0D70F49B-769F-4D5C-8ECA-B01FCCED6F20} = {1680B9CB-7327-4EB1-B0C5-9BFA18469650}
		{F0CC9AF7-0428-4DFE-A744-556E753D3B79} = {1680B9CB-7327-4EB1-B0C5-9BFA18469650}
	EndGlobalSection
EndGlobal
